
Microsoft Visual Studio Solution File, Format Version 12.00
# Visual Studio Version 17
VisualStudioVersion = 17.14.36518.9 d17.14
MinimumVisualStudioVersion = 10.0.40219.1
Project("{FAE04EC0-301F-11D3-BF4B-00C04F79EFBC}") = "PinkCalculator", "PinkCalculator\PinkCalculator.csproj", "{5F1F407E-D0CE-48EC-924A-7E3033FA335A}"
EndProject
Global
	GlobalSection(SolutionConfigurationPlatforms) = preSolution
		Debug|Any CPU = Debug|Any CPU
		Release|Any CPU = Release|Any CPU
	EndGlobalSection
	GlobalSection(ProjectConfigurationPlatforms) = postSolution
		{5F1F407E-D0CE-48EC-924A-7E3033FA335A}.Debug|Any CPU.ActiveCfg = Debug|Any CPU
		{5F1F407E-D0CE-48EC-924A-7E3033FA335A}.Debug|Any CPU.Build.0 = Debug|Any CPU
		{5F1F407E-D0CE-48EC-924A-7E3033FA335A}.Release|Any CPU.ActiveCfg = Release|Any CPU
		{5F1F407E-D0CE-48EC-924A-7E3033FA335A}.Release|Any CPU.Build.0 = Release|Any CPU
	EndGlobalSection
	GlobalSection(SolutionProperties) = preSolution
		HideSolutionNode = FALSE
	EndGlobalSection
	GlobalSection(ExtensibilityGlobals) = postSolution
		SolutionGuid = {42383864-8899-4C3E-A3D6-E72D9B3409D9}
	EndGlobalSection
EndGlobal
